
Microsoft Visual Studio Solution File, Format Version 12.00
# Visual Studio 14
VisualStudioVersion = 14.0.25420.1
MinimumVisualStudioVersion = 10.0.40219.1
Project("{FAE04EC0-301F-11D3-BF4B-00C04F79EFBC}") = "MaintinfoBo", "Métier\MaintinfoBo.csproj", "{642283C0-934E-4061-9B40-40E2CB6653BF}"
EndProject
Project("{FAE04EC0-301F-11D3-BF4B-00C04F79EFBC}") = "MaintinfoBll", "MaintinfoBll\MaintinfoBll.csproj", "{ACDD5F08-10E5-4459-8887-6E37416F4481}"
EndProject
Project("{FAE04EC0-301F-11D3-BF4B-00C04F79EFBC}") = "Maintinfo", "Maintinfo\Maintinfo.csproj", "{02618342-82B3-4F21-8DF0-12DC61D41EC5}"
EndProject
Project("{FAE04EC0-301F-11D3-BF4B-00C04F79EFBC}") = "MaintinfoDal", "MaintinfoDal\MaintinfoDal.csproj", "{E7CCF73F-D1DB-4B4E-B72A-45EC5A72A051}"
EndProject
Project("{FAE04EC0-301F-11D3-BF4B-00C04F79EFBC}") = "MaintinfoDalEntity", "MaintinfoDalEntity\MaintinfoDalEntity.csproj", "{B2E95CC9-E1F6-4D1C-A443-3EC21C2089EC}"
EndProject
Project("{FAE04EC0-301F-11D3-BF4B-00C04F79EFBC}") = "MaintinfoASP.Net(MVC)", "MaintinfoASP.Net(MVC)\MaintinfoASP.Net(MVC).csproj", "{A1D41F12-CCE0-4B00-A221-8ABA2FD31C4F}"
EndProject
Project("{FAE04EC0-301F-11D3-BF4B-00C04F79EFBC}") = "CreationBDD", "CreationBDD\CreationBDD.csproj", "{0772BD66-4A90-4932-BF45-0402BED1AAD7}"
EndProject
Project("{2150E333-8FDC-42A3-9474-1A3956D46DE8}") = "packages", "packages", "{31E6B38E-2578-46FE-9E9C-5F7DDF889383}"
EndProject
Project("{FAE04EC0-301F-11D3-BF4B-00C04F79EFBC}") = "UnitTestMaintinfo", "UnitTestMaintinfo\UnitTestMaintinfo.csproj", "{BC010AE0-F64D-4E72-A336-19247624B22D}"
EndProject
Global
	GlobalSection(SolutionConfigurationPlatforms) = preSolution
		Debug|Any CPU = Debug|Any CPU
		Release|Any CPU = Release|Any CPU
	EndGlobalSection
	GlobalSection(ProjectConfigurationPlatforms) = postSolution
		{642283C0-934E-4061-9B40-40E2CB6653BF}.Debug|Any CPU.ActiveCfg = Debug|Any CPU
		{642283C0-934E-4061-9B40-40E2CB6653BF}.Debug|Any CPU.Build.0 = Debug|Any CPU
		{642283C0-934E-4061-9B40-40E2CB6653BF}.Release|Any CPU.ActiveCfg = Release|Any CPU
		{642283C0-934E-4061-9B40-40E2CB6653BF}.Release|Any CPU.Build.0 = Release|Any CPU
		{ACDD5F08-10E5-4459-8887-6E37416F4481}.Debug|Any CPU.ActiveCfg = Debug|Any CPU
		{ACDD5F08-10E5-4459-8887-6E37416F4481}.Debug|Any CPU.Build.0 = Debug|Any CPU
		{ACDD5F08-10E5-4459-8887-6E37416F4481}.Release|Any CPU.ActiveCfg = Release|Any CPU
		{ACDD5F08-10E5-4459-8887-6E37416F4481}.Release|Any CPU.Build.0 = Release|Any CPU
		{02618342-82B3-4F21-8DF0-12DC61D41EC5}.Debug|Any CPU.ActiveCfg = Debug|Any CPU
		{02618342-82B3-4F21-8DF0-12DC61D41EC5}.Debug|Any CPU.Build.0 = Debug|Any CPU
		{02618342-82B3-4F21-8DF0-12DC61D41EC5}.Release|Any CPU.ActiveCfg = Release|Any CPU
		{02618342-82B3-4F21-8DF0-12DC61D41EC5}.Release|Any CPU.Build.0 = Release|Any CPU
		{E7CCF73F-D1DB-4B4E-B72A-45EC5A72A051}.Debug|Any CPU.ActiveCfg = Debug|Any CPU
		{E7CCF73F-D1DB-4B4E-B72A-45EC5A72A051}.Debug|Any CPU.Build.0 = Debug|Any CPU
		{E7CCF73F-D1DB-4B4E-B72A-45EC5A72A051}.Release|Any CPU.ActiveCfg = Release|Any CPU
		{E7CCF73F-D1DB-4B4E-B72A-45EC5A72A051}.Release|Any CPU.Build.0 = Release|Any CPU
		{B2E95CC9-E1F6-4D1C-A443-3EC21C2089EC}.Debug|Any CPU.ActiveCfg = Debug|Any CPU
		{B2E95CC9-E1F6-4D1C-A443-3EC21C2089EC}.Debug|Any CPU.Build.0 = Debug|Any CPU
		{B2E95CC9-E1F6-4D1C-A443-3EC21C2089EC}.Release|Any CPU.ActiveCfg = Release|Any CPU
		{B2E95CC9-E1F6-4D1C-A443-3EC21C2089EC}.Release|Any CPU.Build.0 = Release|Any CPU
		{A1D41F12-CCE0-4B00-A221-8ABA2FD31C4F}.Debug|Any CPU.ActiveCfg = Debug|Any CPU
		{A1D41F12-CCE0-4B00-A221-8ABA2FD31C4F}.Debug|Any CPU.Build.0 = Debug|Any CPU
		{A1D41F12-CCE0-4B00-A221-8ABA2FD31C4F}.Release|Any CPU.ActiveCfg = Release|Any CPU
		{A1D41F12-CCE0-4B00-A221-8ABA2FD31C4F}.Release|Any CPU.Build.0 = Release|Any CPU
		{0772BD66-4A90-4932-BF45-0402BED1AAD7}.Debug|Any CPU.ActiveCfg = Debug|Any CPU
		{0772BD66-4A90-4932-BF45-0402BED1AAD7}.Debug|Any CPU.Build.0 = Debug|Any CPU
		{0772BD66-4A90-4932-BF45-0402BED1AAD7}.Release|Any CPU.ActiveCfg = Release|Any CPU
		{0772BD66-4A90-4932-BF45-0402BED1AAD7}.Release|Any CPU.Build.0 = Release|Any CPU
		{BC010AE0-F64D-4E72-A336-19247624B22D}.Debug|Any CPU.ActiveCfg = Debug|Any CPU
		{BC010AE0-F64D-4E72-A336-19247624B22D}.Debug|Any CPU.Build.0 = Debug|Any CPU
		{BC010AE0-F64D-4E72-A336-19247624B22D}.Release|Any CPU.ActiveCfg = Release|Any CPU
		{BC010AE0-F64D-4E72-A336-19247624B22D}.Release|Any CPU.Build.0 = Release|Any CPU
	EndGlobalSection
	GlobalSection(SolutionProperties) = preSolution
		HideSolutionNode = FALSE
	EndGlobalSection
EndGlobal
